# This file is automatically @generated by Cargo.
# It is not intended for manual editing.
version = 3

[[package]]
name = "bitflags"
version = "1.3.2"
source = "registry+https://github.com/rust-lang/crates.io-index"
checksum = "bef38d45163c2f1dde094a7dfd33ccf595c92905c8f8f4fdc18d06fb1037718a"

[[package]]
name = "group_chatroom_io_uring"
version = "0.1.0"
dependencies = [
 "io-uring",
 "libc",
]

[[package]]
name = "io-uring"
version = "0.5.2"
source = "registry+https://github.com/rust-lang/crates.io-index"
checksum = "8d75829ed9377bab6c90039fe47b9d84caceb4b5063266142e21bcce6550cda8"
dependencies = [
 "bitflags",
 "libc",
]

[[package]]
name = "libc"
version = "0.2.126"
source = "registry+https://github.com/rust-lang/crates.io-index"
checksum = "349d5a591cd28b49e1d1037471617a32ddcda5731b99419008085f72d5a53836"
